
Microsoft Visual Studio Solution File, Format Version 12.00
# Visual Studio Version 16
VisualStudioVersion = 16.0.31205.134
MinimumVisualStudioVersion = 10.0.40219.1
Project("{FAE04EC0-301F-11D3-BF4B-00C04F79EFBC}") = "Proyecto prog 3 mvc", "Proyecto prog 3 mvc\Proyecto prog 3 mvc.csproj", "{AD7A8C29-A76D-4508-934A-3892F949CF56}"
EndProject
Global
	GlobalSection(SolutionConfigurationPlatforms) = preSolution
		Debug|Any CPU = Debug|Any CPU
		Release|Any CPU = Release|Any CPU
	EndGlobalSection
	GlobalSection(ProjectConfigurationPlatforms) = postSolution
		{AD7A8C29-A76D-4508-934A-3892F949CF56}.Debug|Any CPU.ActiveCfg = Debug|Any CPU
		{AD7A8C29-A76D-4508-934A-3892F949CF56}.Debug|Any CPU.Build.0 = Debug|Any CPU
		{AD7A8C29-A76D-4508-934A-3892F949CF56}.Release|Any CPU.ActiveCfg = Release|Any CPU
		{AD7A8C29-A76D-4508-934A-3892F949CF56}.Release|Any CPU.Build.0 = Release|Any CPU
	EndGlobalSection
	GlobalSection(SolutionProperties) = preSolution
		HideSolutionNode = FALSE
	EndGlobalSection
	GlobalSection(ExtensibilityGlobals) = postSolution
		SolutionGuid = {896E10DE-DC02-4CC2-B6CD-247D4C2492B0}
	EndGlobalSection
EndGlobal
